// !$*UTF8*$!
{
	archiveVersion = 1;
	classes = {
	};
	objectVersion = 54;
	objects = {

/* Begin PBXBuildFile section */
		"06F5E097-D37F-407A-8305-14F1168C7A35" /* Sentence.cpp in Sources */ = {isa = PBXBuildFile; fileRef = "2BBC6D33-7704-48C6-B1F3-75F5D56F4318" /* Sentence.cpp */; };
		"5F1D3D1F-0213-45CB-9E84-1C401A7F1165" /* ofxXmlSettings.cpp in Sources */ = {isa = PBXBuildFile; fileRef = "C97ECAE3-A9CD-4C1E-815E-4CCE0436FEA8" /* ofxXmlSettings.cpp */; };
		"69CDDB1E-ED39-40B2-A832-4696D0A8C685" /* ofxPanel.cpp in Sources */ = {isa = PBXBuildFile; fileRef = "C89A5189-57D2-471E-A1F8-CD9F0C82AF45" /* ofxPanel.cpp */; };
		"72984D43-8302-49B1-B11D-83E8A4F67325" /* ofxButton.cpp in Sources */ = {isa = PBXBuildFile; fileRef = "6E6537A0-FA9C-4340-9370-994BEFB79085" /* ofxButton.cpp */; };
		"7A3392CA-AA28-4B39-9565-DCA246D84413" /* Rule.cpp in Sources */ = {isa = PBXBuildFile; fileRef = "9E927A96-525A-4C54-96F4-6CF5C650A9E2" /* Rule.cpp */; };
		"7C890CD0-29D8-4295-A281-19EDEF7EF731" /* ofxBaseGui.cpp in Sources */ = {isa = PBXBuildFile; fileRef = "5005ACCA-6B06-4F01-BCCD-BECA73CA519A" /* ofxBaseGui.cpp */; };
		"7DAE8985-FBC4-415C-BAC9-A00E147E3FFD" /* ofxSlider.cpp in Sources */ = {isa = PBXBuildFile; fileRef = "8A68A929-1785-45D4-9A77-BDD5CA72366A" /* ofxSlider.cpp */; };
		"7ECE1292-3009-4233-BC88-756E2C5AD586" /* ofxSliderGroup.cpp in Sources */ = {isa = PBXBuildFile; fileRef = "4D022247-873A-4F07-8BC1-904CC0AECEE2" /* ofxSliderGroup.cpp */; };
		"89353087-6EFC-4793-841F-9E7E03398255" /* RenderConfig.cpp in Sources */ = {isa = PBXBuildFile; fileRef = "44B7CE15-58D7-4478-949F-9F19D46D5F32" /* RenderConfig.cpp */; };
		"9015207D-D733-478A-88FE-F9EC9B25B4B9" /* Turtle.cpp in Sources */ = {isa = PBXBuildFile; fileRef = "F50DE69C-6438-4A57-8D4E-1D93BACED28A" /* Turtle.cpp */; };
		"961F8985-5383-4D53-9ABD-BF9139289594" /* tinyxmlerror.cpp in Sources */ = {isa = PBXBuildFile; fileRef = "B1C3A654-58C6-4BED-93DC-8AD650DDDA83" /* tinyxmlerror.cpp */; };
		"96F9592D-1369-4078-BEA2-66DB153861DC" /* ofxInputField.cpp in Sources */ = {isa = PBXBuildFile; fileRef = "0FFF97ED-C95F-467F-9766-09BDCDF0FB6A" /* ofxInputField.cpp */; };
		"970FE5C9-E3FC-46F3-B8D2-2306D9A86446" /* ofxGuiGroup.cpp in Sources */ = {isa = PBXBuildFile; fileRef = "12909DDF-1D3A-42F3-9150-D6D40DEB3686" /* ofxGuiGroup.cpp */; };
		"997DDB61-128C-48E3-AC35-C74EBC7A1639" /* ofxColorPicker.cpp in Sources */ = {isa = PBXBuildFile; fileRef = "C6D97512-317D-4CF7-B84D-C8AC3443B055" /* ofxColorPicker.cpp */; };
		A1B1DE9B2B1B985500B21D0F /* SonicTurtle.cpp in Sources */ = {isa = PBXBuildFile; fileRef = A1B1DE992B1B985500B21D0F /* SonicTurtle.cpp */; };
		A1B1DE9E2B1BA38600B21D0F /* Note.cpp in Sources */ = {isa = PBXBuildFile; fileRef = A1B1DE9C2B1BA38600B21D0F /* Note.cpp */; };
		"ABDBB01C-2BDA-4E74-A6A9-0DA5CEAA237F" /* ofxLabel.cpp in Sources */ = {isa = PBXBuildFile; fileRef = "3DD119D9-0E78-49D0-8844-367071637D6F" /* ofxLabel.cpp */; };
		"B43E279F-954C-4072-A745-83E75BF54B1E" /* ofxToggle.cpp in Sources */ = {isa = PBXBuildFile; fileRef = "75CCAB6D-F0E1-4D87-A4D9-77FDEF181432" /* ofxToggle.cpp */; };
		"B8446402-A32C-4A64-971E-C72AFAA87751" /* tinyxml.cpp in Sources */ = {isa = PBXBuildFile; fileRef = "811EDFC2-637A-4EBF-B57A-48A3DE1F3C6E" /* tinyxml.cpp */; };
		"D88BF0EE-69A6-4290-ADB6-B76F92C07F60" /* ofxDropdownOption.cpp in Sources */ = {isa = PBXBuildFile; fileRef = "3D87871D-593D-4C2B-8389-CF16845BBA0D" /* ofxDropdownOption.cpp */; };
		E4B69E200A3A1BDC003C02F2 /* main.cpp in Sources */ = {isa = PBXBuildFile; fileRef = E4B69E1D0A3A1BDC003C02F2 /* main.cpp */; };
		E4B69E210A3A1BDC003C02F2 /* ofApp.cpp in Sources */ = {isa = PBXBuildFile; fileRef = E4B69E1E0A3A1BDC003C02F2 /* ofApp.cpp */; };
		"E68DFE1A-F40F-4C1B-B6B7-87B6747CE3BB" /* ofxDropdown.cpp in Sources */ = {isa = PBXBuildFile; fileRef = "AA8D5892-B56E-4FE1-92C4-DA72B3E65E57" /* ofxDropdown.cpp */; };
		"F9D2EBCC-904B-499F-A337-40B54E023AB3" /* LSystem.cpp in Sources */ = {isa = PBXBuildFile; fileRef = "E7ED3032-ED1C-4C88-BBA4-35DB509A91A9" /* LSystem.cpp */; };
		"FCA2BEA8-5C2C-4AB5-AC48-4CBBA6A8CD77" /* tinyxmlparser.cpp in Sources */ = {isa = PBXBuildFile; fileRef = "9E5DF3B6-6A8F-437B-BBDF-3C88D72B86ED" /* tinyxmlparser.cpp */; };
/* End PBXBuildFile section */

/* Begin PBXCopyFilesBuildPhase section */
		E4A5B60F29BAAAE400C2D356 /* CopyFiles */ = {
			isa = PBXCopyFilesBuildPhase;
			buildActionMask = 2147483647;
			dstPath = "";
			dstSubfolderSpec = 6;
			files = (
			);
			runOnlyForDeploymentPostprocessing = 0;
		};
		E4C2427710CC5ABF004149E2 /* CopyFiles */ = {
			isa = PBXCopyFilesBuildPhase;
			buildActionMask = 2147483647;
			dstPath = "";
			dstSubfolderSpec = 10;
			files = (
			);
			runOnlyForDeploymentPostprocessing = 0;
		};
/* End PBXCopyFilesBuildPhase section */

/* Begin PBXFileReference section */
		"0FFF97ED-C95F-467F-9766-09BDCDF0FB6A" /* ofxInputField.cpp */ = {isa = PBXFileReference; explicitFileType = sourcecode.cpp.cpp; fileEncoding = 4; name = ofxInputField.cpp; path = ../../../addons/ofxGui/src/ofxInputField.cpp; sourceTree = SOURCE_ROOT; };
		"12909DDF-1D3A-42F3-9150-D6D40DEB3686" /* ofxGuiGroup.cpp */ = {isa = PBXFileReference; explicitFileType = sourcecode.cpp.cpp; fileEncoding = 4; name = ofxGuiGroup.cpp; path = ../../../addons/ofxGui/src/ofxGuiGroup.cpp; sourceTree = SOURCE_ROOT; };
		"12DC89AD-FB29-4178-AE05-405F78B9EC43" /* Turtle.hpp */ = {isa = PBXFileReference; explicitFileType = sourcecode.c.h; fileEncoding = 4; name = Turtle.hpp; path = src/Turtle.hpp; sourceTree = SOURCE_ROOT; };
		191CD6FA2847E21E0085CBB6 /* of.entitlements */ = {isa = PBXFileReference; fileEncoding = 4; lastKnownFileType = text.plist.entitlements; path = of.entitlements; sourceTree = "<group>"; };
		191EF70929D778A400F35F26 /* openFrameworks */ = {isa = PBXFileReference; lastKnownFileType = folder; name = openFrameworks; path = ../../../libs/openFrameworks; sourceTree = SOURCE_ROOT; };
		"2B054459-7AAC-466F-AE0C-7BF5CD65E612" /* RenderConfig.hpp */ = {isa = PBXFileReference; explicitFileType = sourcecode.c.h; fileEncoding = 4; name = RenderConfig.hpp; path = src/RenderConfig.hpp; sourceTree = SOURCE_ROOT; };
		"2BBC6D33-7704-48C6-B1F3-75F5D56F4318" /* Sentence.cpp */ = {isa = PBXFileReference; explicitFileType = sourcecode.cpp.cpp; fileEncoding = 4; name = Sentence.cpp; path = src/Sentence.cpp; sourceTree = SOURCE_ROOT; };
		"35B9D27E-6846-4CC1-8B00-813AF18B0EB4" /* ofxInputField.h */ = {isa = PBXFileReference; explicitFileType = sourcecode.c.h; fileEncoding = 4; name = ofxInputField.h; path = ../../../addons/ofxGui/src/ofxInputField.h; sourceTree = SOURCE_ROOT; };
		"3D87871D-593D-4C2B-8389-CF16845BBA0D" /* ofxDropdownOption.cpp */ = {isa = PBXFileReference; explicitFileType = sourcecode.cpp.cpp; fileEncoding = 4; name = ofxDropdownOption.cpp; path = ../../../addons/ofxDropdown/src/ofxDropdownOption.cpp; sourceTree = SOURCE_ROOT; };
		"3DD119D9-0E78-49D0-8844-367071637D6F" /* ofxLabel.cpp */ = {isa = PBXFileReference; explicitFileType = sourcecode.cpp.cpp; fileEncoding = 4; name = ofxLabel.cpp; path = ../../../addons/ofxGui/src/ofxLabel.cpp; sourceTree = SOURCE_ROOT; };
		"44B7CE15-58D7-4478-949F-9F19D46D5F32" /* RenderConfig.cpp */ = {isa = PBXFileReference; explicitFileType = sourcecode.cpp.cpp; fileEncoding = 4; name = RenderConfig.cpp; path = src/RenderConfig.cpp; sourceTree = SOURCE_ROOT; };
		"4BD2964D-5BE8-4643-802D-2BF3157D20BC" /* ofxPanel.h */ = {isa = PBXFileReference; explicitFileType = sourcecode.c.h; fileEncoding = 4; name = ofxPanel.h; path = ../../../addons/ofxGui/src/ofxPanel.h; sourceTree = SOURCE_ROOT; };
		"4D022247-873A-4F07-8BC1-904CC0AECEE2" /* ofxSliderGroup.cpp */ = {isa = PBXFileReference; explicitFileType = sourcecode.cpp.cpp; fileEncoding = 4; name = ofxSliderGroup.cpp; path = ../../../addons/ofxGui/src/ofxSliderGroup.cpp; sourceTree = SOURCE_ROOT; };
		"5005ACCA-6B06-4F01-BCCD-BECA73CA519A" /* ofxBaseGui.cpp */ = {isa = PBXFileReference; explicitFileType = sourcecode.cpp.cpp; fileEncoding = 4; name = ofxBaseGui.cpp; path = ../../../addons/ofxGui/src/ofxBaseGui.cpp; sourceTree = SOURCE_ROOT; };
		"561D709E-B15F-499C-901D-FAC8218E2662" /* ofxBaseGui.h */ = {isa = PBXFileReference; explicitFileType = sourcecode.c.h; fileEncoding = 4; name = ofxBaseGui.h; path = ../../../addons/ofxGui/src/ofxBaseGui.h; sourceTree = SOURCE_ROOT; };
		"663459D0-ADF1-4081-9B1E-110B34D305A8" /* ofxButton.h */ = {isa = PBXFileReference; explicitFileType = sourcecode.c.h; fileEncoding = 4; name = ofxButton.h; path = ../../../addons/ofxGui/src/ofxButton.h; sourceTree = SOURCE_ROOT; };
		"6E6537A0-FA9C-4340-9370-994BEFB79085" /* ofxButton.cpp */ = {isa = PBXFileReference; explicitFileType = sourcecode.cpp.cpp; fileEncoding = 4; name = ofxButton.cpp; path = ../../../addons/ofxGui/src/ofxButton.cpp; sourceTree = SOURCE_ROOT; };
		"6EAD4E59-743C-4FA8-93A5-DF9FF02B1261" /* Rule.hpp */ = {isa = PBXFileReference; explicitFileType = sourcecode.c.h; fileEncoding = 4; name = Rule.hpp; path = src/Rule.hpp; sourceTree = SOURCE_ROOT; };
		"703929B1-2994-495D-B2F1-5FA95392815E" /* ofxDropdown.h */ = {isa = PBXFileReference; explicitFileType = sourcecode.c.h; fileEncoding = 4; name = ofxDropdown.h; path = ../../../addons/ofxDropdown/src/ofxDropdown.h; sourceTree = SOURCE_ROOT; };
		"72E562AE-C8F5-4EFB-A7B6-F3543330D2EC" /* ofxColorPicker.h */ = {isa = PBXFileReference; explicitFileType = sourcecode.c.h; fileEncoding = 4; name = ofxColorPicker.h; path = ../../../addons/ofxGui/src/ofxColorPicker.h; sourceTree = SOURCE_ROOT; };
		"75CCAB6D-F0E1-4D87-A4D9-77FDEF181432" /* ofxToggle.cpp */ = {isa = PBXFileReference; explicitFileType = sourcecode.cpp.cpp; fileEncoding = 4; name = ofxToggle.cpp; path = ../../../addons/ofxGui/src/ofxToggle.cpp; sourceTree = SOURCE_ROOT; };
		"7DD69DCC-4DDB-4027-B029-B5311D1544AA" /* ofxXmlSettings.h */ = {isa = PBXFileReference; explicitFileType = sourcecode.c.h; fileEncoding = 4; name = ofxXmlSettings.h; path = ../../../addons/ofxXmlSettings/src/ofxXmlSettings.h; sourceTree = SOURCE_ROOT; };
		"811EDFC2-637A-4EBF-B57A-48A3DE1F3C6E" /* tinyxml.cpp */ = {isa = PBXFileReference; explicitFileType = sourcecode.cpp.cpp; fileEncoding = 4; name = tinyxml.cpp; path = ../../../addons/ofxXmlSettings/libs/tinyxml.cpp; sourceTree = SOURCE_ROOT; };
		"8A3B4F89-F27E-4AEE-A6C1-CC82025B22AF" /* ofxDropdownOption.hpp */ = {isa = PBXFileReference; explicitFileType = sourcecode.c.h; fileEncoding = 4; name = ofxDropdownOption.hpp; path = ../../../addons/ofxDropdown/src/ofxDropdownOption.hpp; sourceTree = SOURCE_ROOT; };
		"8A68A929-1785-45D4-9A77-BDD5CA72366A" /* ofxSlider.cpp */ = {isa = PBXFileReference; explicitFileType = sourcecode.cpp.cpp; fileEncoding = 4; name = ofxSlider.cpp; path = ../../../addons/ofxGui/src/ofxSlider.cpp; sourceTree = SOURCE_ROOT; };
		"91EDC3F4-C9A8-4503-8341-14E5DE933205" /* Sentence.hpp */ = {isa = PBXFileReference; explicitFileType = sourcecode.c.h; fileEncoding = 4; name = Sentence.hpp; path = src/Sentence.hpp; sourceTree = SOURCE_ROOT; };
		"9E5DF3B6-6A8F-437B-BBDF-3C88D72B86ED" /* tinyxmlparser.cpp */ = {isa = PBXFileReference; explicitFileType = sourcecode.cpp.cpp; fileEncoding = 4; name = tinyxmlparser.cpp; path = ../../../addons/ofxXmlSettings/libs/tinyxmlparser.cpp; sourceTree = SOURCE_ROOT; };
		"9E927A96-525A-4C54-96F4-6CF5C650A9E2" /* Rule.cpp */ = {isa = PBXFileReference; explicitFileType = sourcecode.cpp.cpp; fileEncoding = 4; name = Rule.cpp; path = src/Rule.cpp; sourceTree = SOURCE_ROOT; };
		A1B1DE992B1B985500B21D0F /* SonicTurtle.cpp */ = {isa = PBXFileReference; lastKnownFileType = sourcecode.cpp.cpp; path = SonicTurtle.cpp; sourceTree = "<group>"; };
		A1B1DE9A2B1B985500B21D0F /* SonicTurtle.hpp */ = {isa = PBXFileReference; lastKnownFileType = sourcecode.cpp.h; path = SonicTurtle.hpp; sourceTree = "<group>"; };
		A1B1DE9C2B1BA38600B21D0F /* Note.cpp */ = {isa = PBXFileReference; lastKnownFileType = sourcecode.cpp.cpp; path = Note.cpp; sourceTree = "<group>"; };
		A1B1DE9D2B1BA38600B21D0F /* Note.hpp */ = {isa = PBXFileReference; lastKnownFileType = sourcecode.cpp.h; path = Note.hpp; sourceTree = "<group>"; };
		"A4034657-3715-474A-940D-281FCCB06DC5" /* ofxGuiUtils.h */ = {isa = PBXFileReference; explicitFileType = sourcecode.c.h; fileEncoding = 4; name = ofxGuiUtils.h; path = ../../../addons/ofxGui/src/ofxGuiUtils.h; sourceTree = SOURCE_ROOT; };
		"AA8D5892-B56E-4FE1-92C4-DA72B3E65E57" /* ofxDropdown.cpp */ = {isa = PBXFileReference; explicitFileType = sourcecode.cpp.cpp; fileEncoding = 4; name = ofxDropdown.cpp; path = ../../../addons/ofxDropdown/src/ofxDropdown.cpp; sourceTree = SOURCE_ROOT; };
		"B1C3A654-58C6-4BED-93DC-8AD650DDDA83" /* tinyxmlerror.cpp */ = {isa = PBXFileReference; explicitFileType = sourcecode.cpp.cpp; fileEncoding = 4; name = tinyxmlerror.cpp; path = ../../../addons/ofxXmlSettings/libs/tinyxmlerror.cpp; sourceTree = SOURCE_ROOT; };
		"B50632A2-3E24-4217-A78C-4104EF54203B" /* LSystem.hpp */ = {isa = PBXFileReference; explicitFileType = sourcecode.c.h; fileEncoding = 4; name = LSystem.hpp; path = src/LSystem.hpp; sourceTree = SOURCE_ROOT; };
		"C6D97512-317D-4CF7-B84D-C8AC3443B055" /* ofxColorPicker.cpp */ = {isa = PBXFileReference; explicitFileType = sourcecode.cpp.cpp; fileEncoding = 4; name = ofxColorPicker.cpp; path = ../../../addons/ofxGui/src/ofxColorPicker.cpp; sourceTree = SOURCE_ROOT; };
		"C89A5189-57D2-471E-A1F8-CD9F0C82AF45" /* ofxPanel.cpp */ = {isa = PBXFileReference; explicitFileType = sourcecode.cpp.cpp; fileEncoding = 4; name = ofxPanel.cpp; path = ../../../addons/ofxGui/src/ofxPanel.cpp; sourceTree = SOURCE_ROOT; };
		"C97ECAE3-A9CD-4C1E-815E-4CCE0436FEA8" /* ofxXmlSettings.cpp */ = {isa = PBXFileReference; explicitFileType = sourcecode.cpp.cpp; fileEncoding = 4; name = ofxXmlSettings.cpp; path = ../../../addons/ofxXmlSettings/src/ofxXmlSettings.cpp; sourceTree = SOURCE_ROOT; };
		"CACF6678-52A6-4F97-B92B-B34EA13F42C5" /* ofxGuiGroup.h */ = {isa = PBXFileReference; explicitFileType = sourcecode.c.h; fileEncoding = 4; name = ofxGuiGroup.h; path = ../../../addons/ofxGui/src/ofxGuiGroup.h; sourceTree = SOURCE_ROOT; };
		"CC84B525-1D1B-4A8F-9785-891DDFE47D66" /* ofxGui.h */ = {isa = PBXFileReference; explicitFileType = sourcecode.c.h; fileEncoding = 4; name = ofxGui.h; path = ../../../addons/ofxGui/src/ofxGui.h; sourceTree = SOURCE_ROOT; };
		"D8597D52-2995-49B6-AAD5-3ED01CDADCC2" /* ofxToggle.h */ = {isa = PBXFileReference; explicitFileType = sourcecode.c.h; fileEncoding = 4; name = ofxToggle.h; path = ../../../addons/ofxGui/src/ofxToggle.h; sourceTree = SOURCE_ROOT; };
		E4B69B5B0A3A1756003C02F2 /* LSystemDebug.app */ = {isa = PBXFileReference; explicitFileType = wrapper.application; includeInIndex = 0; path = LSystemDebug.app; sourceTree = BUILT_PRODUCTS_DIR; };
		E4B69E1D0A3A1BDC003C02F2 /* main.cpp */ = {isa = PBXFileReference; fileEncoding = 4; lastKnownFileType = sourcecode.cpp.cpp; name = main.cpp; path = src/main.cpp; sourceTree = SOURCE_ROOT; };
		E4B69E1E0A3A1BDC003C02F2 /* ofApp.cpp */ = {isa = PBXFileReference; explicitFileType = sourcecode.cpp.cpp; fileEncoding = 4; name = ofApp.cpp; path = src/ofApp.cpp; sourceTree = SOURCE_ROOT; };
		E4B69E1F0A3A1BDC003C02F2 /* ofApp.h */ = {isa = PBXFileReference; fileEncoding = 4; lastKnownFileType = sourcecode.c.h; name = ofApp.h; path = src/ofApp.h; sourceTree = SOURCE_ROOT; };
		E4B6FCAD0C3E899E008CF71C /* openFrameworks-Info.plist */ = {isa = PBXFileReference; fileEncoding = 4; lastKnownFileType = text.plist.xml; path = "openFrameworks-Info.plist"; sourceTree = "<group>"; };
		E4EB6923138AFD0F00A09F29 /* Project.xcconfig */ = {isa = PBXFileReference; fileEncoding = 4; lastKnownFileType = text.xcconfig; path = Project.xcconfig; sourceTree = "<group>"; };
		"E7ED3032-ED1C-4C88-BBA4-35DB509A91A9" /* LSystem.cpp */ = {isa = PBXFileReference; explicitFileType = sourcecode.cpp.cpp; fileEncoding = 4; name = LSystem.cpp; path = src/LSystem.cpp; sourceTree = SOURCE_ROOT; };
		"F04186DC-E5B9-4E2A-BA59-0BD928F34AE9" /* ofxSliderGroup.h */ = {isa = PBXFileReference; explicitFileType = sourcecode.c.h; fileEncoding = 4; name = ofxSliderGroup.h; path = ../../../addons/ofxGui/src/ofxSliderGroup.h; sourceTree = SOURCE_ROOT; };
		"F50DE69C-6438-4A57-8D4E-1D93BACED28A" /* Turtle.cpp */ = {isa = PBXFileReference; explicitFileType = sourcecode.cpp.cpp; fileEncoding = 4; name = Turtle.cpp; path = src/Turtle.cpp; sourceTree = SOURCE_ROOT; };
		"F8739BCC-95D5-40DD-B742-68B9CD2FC27C" /* ofxSlider.h */ = {isa = PBXFileReference; explicitFileType = sourcecode.c.h; fileEncoding = 4; name = ofxSlider.h; path = ../../../addons/ofxGui/src/ofxSlider.h; sourceTree = SOURCE_ROOT; };
		"F94F0381-8439-42FF-8A19-BC32658F2655" /* ofxLabel.h */ = {isa = PBXFileReference; explicitFileType = sourcecode.c.h; fileEncoding = 4; name = ofxLabel.h; path = ../../../addons/ofxGui/src/ofxLabel.h; sourceTree = SOURCE_ROOT; };
		"FEC8C7A1-5455-47E4-840F-B5943FC77C90" /* tinyxml.h */ = {isa = PBXFileReference; explicitFileType = sourcecode.c.h; fileEncoding = 4; name = tinyxml.h; path = ../../../addons/ofxXmlSettings/libs/tinyxml.h; sourceTree = SOURCE_ROOT; };
/* End PBXFileReference section */

/* Begin PBXFrameworksBuildPhase section */
		E4B69B590A3A1756003C02F2 /* Frameworks */ = {
			isa = PBXFrameworksBuildPhase;
			buildActionMask = 2147483647;
			files = (
			);
			runOnlyForDeploymentPostprocessing = 0;
		};
/* End PBXFrameworksBuildPhase section */

/* Begin PBXGroup section */
		"3EBEE94E-B011-4DD6-9310-70B7D4A8479F" /* ofxXmlSettings */ = {
			isa = PBXGroup;
			children = (
				"8A4252D7-E44D-4C92-8C83-53CA18836852" /* libs */,
				"C8935BB0-8325-467B-B4E0-F53FED553633" /* src */,
			);
			name = ofxXmlSettings;
			path = ../../../addons/ofxXmlSettings;
			sourceTree = SOURCE_ROOT;
		};
		"8A4252D7-E44D-4C92-8C83-53CA18836852" /* libs */ = {
			isa = PBXGroup;
			children = (
				"811EDFC2-637A-4EBF-B57A-48A3DE1F3C6E" /* tinyxml.cpp */,
				"FEC8C7A1-5455-47E4-840F-B5943FC77C90" /* tinyxml.h */,
				"B1C3A654-58C6-4BED-93DC-8AD650DDDA83" /* tinyxmlerror.cpp */,
				"9E5DF3B6-6A8F-437B-BBDF-3C88D72B86ED" /* tinyxmlparser.cpp */,
			);
			name = libs;
			path = ../../../addons/ofxXmlSettings/libs;
			sourceTree = SOURCE_ROOT;
		};
		"8D8649E2-5E3A-4A39-8EDB-B791F5FFBFF2" /* src */ = {
			isa = PBXGroup;
			children = (
				"5005ACCA-6B06-4F01-BCCD-BECA73CA519A" /* ofxBaseGui.cpp */,
				"561D709E-B15F-499C-901D-FAC8218E2662" /* ofxBaseGui.h */,
				"6E6537A0-FA9C-4340-9370-994BEFB79085" /* ofxButton.cpp */,
				"663459D0-ADF1-4081-9B1E-110B34D305A8" /* ofxButton.h */,
				"C6D97512-317D-4CF7-B84D-C8AC3443B055" /* ofxColorPicker.cpp */,
				"72E562AE-C8F5-4EFB-A7B6-F3543330D2EC" /* ofxColorPicker.h */,
				"CC84B525-1D1B-4A8F-9785-891DDFE47D66" /* ofxGui.h */,
				"12909DDF-1D3A-42F3-9150-D6D40DEB3686" /* ofxGuiGroup.cpp */,
				"CACF6678-52A6-4F97-B92B-B34EA13F42C5" /* ofxGuiGroup.h */,
				"A4034657-3715-474A-940D-281FCCB06DC5" /* ofxGuiUtils.h */,
				"0FFF97ED-C95F-467F-9766-09BDCDF0FB6A" /* ofxInputField.cpp */,
				"35B9D27E-6846-4CC1-8B00-813AF18B0EB4" /* ofxInputField.h */,
				"3DD119D9-0E78-49D0-8844-367071637D6F" /* ofxLabel.cpp */,
				"F94F0381-8439-42FF-8A19-BC32658F2655" /* ofxLabel.h */,
				"C89A5189-57D2-471E-A1F8-CD9F0C82AF45" /* ofxPanel.cpp */,
				"4BD2964D-5BE8-4643-802D-2BF3157D20BC" /* ofxPanel.h */,
				"8A68A929-1785-45D4-9A77-BDD5CA72366A" /* ofxSlider.cpp */,
				"F8739BCC-95D5-40DD-B742-68B9CD2FC27C" /* ofxSlider.h */,
				"4D022247-873A-4F07-8BC1-904CC0AECEE2" /* ofxSliderGroup.cpp */,
				"F04186DC-E5B9-4E2A-BA59-0BD928F34AE9" /* ofxSliderGroup.h */,
				"75CCAB6D-F0E1-4D87-A4D9-77FDEF181432" /* ofxToggle.cpp */,
				"D8597D52-2995-49B6-AAD5-3ED01CDADCC2" /* ofxToggle.h */,
			);
			name = src;
			path = ../../../addons/ofxGui/src;
			sourceTree = SOURCE_ROOT;
		};
		"A14300CF-1798-4AD5-B882-5BD7696CB975" /* src */ = {
			isa = PBXGroup;
			children = (
				"AA8D5892-B56E-4FE1-92C4-DA72B3E65E57" /* ofxDropdown.cpp */,
				"703929B1-2994-495D-B2F1-5FA95392815E" /* ofxDropdown.h */,
				"3D87871D-593D-4C2B-8389-CF16845BBA0D" /* ofxDropdownOption.cpp */,
				"8A3B4F89-F27E-4AEE-A6C1-CC82025B22AF" /* ofxDropdownOption.hpp */,
			);
			name = src;
			path = ../../../addons/ofxDropdown/src;
			sourceTree = SOURCE_ROOT;
		};
		"A940D907-110A-4B64-958E-A5A835456F57" /* ofxDropdown */ = {
			isa = PBXGroup;
			children = (
				"A14300CF-1798-4AD5-B882-5BD7696CB975" /* src */,
			);
			name = ofxDropdown;
			path = ../../../addons/ofxDropdown;
			sourceTree = SOURCE_ROOT;
		};
		BB4B014C10F69532006C3DED /* addons */ = {
			isa = PBXGroup;
			children = (
				"A940D907-110A-4B64-958E-A5A835456F57" /* ofxDropdown */,
				"D631297C-0525-4EF0-8B22-F4D2B705642E" /* ofxGui */,
				"3EBEE94E-B011-4DD6-9310-70B7D4A8479F" /* ofxXmlSettings */,
			);
			name = addons;
			path = ../../../addons;
			sourceTree = "<group>";
		};
		"C8935BB0-8325-467B-B4E0-F53FED553633" /* src */ = {
			isa = PBXGroup;
			children = (
				"C97ECAE3-A9CD-4C1E-815E-4CCE0436FEA8" /* ofxXmlSettings.cpp */,
				"7DD69DCC-4DDB-4027-B029-B5311D1544AA" /* ofxXmlSettings.h */,
			);
			name = src;
			path = ../../../addons/ofxXmlSettings/src;
			sourceTree = SOURCE_ROOT;
		};
		"D631297C-0525-4EF0-8B22-F4D2B705642E" /* ofxGui */ = {
			isa = PBXGroup;
			children = (
				"8D8649E2-5E3A-4A39-8EDB-B791F5FFBFF2" /* src */,
			);
			name = ofxGui;
			path = ../../../addons/ofxGui;
			sourceTree = SOURCE_ROOT;
		};
		E4B69B4A0A3A1720003C02F2 = {
			isa = PBXGroup;
			children = (
				191CD6FA2847E21E0085CBB6 /* of.entitlements */,
				E4B6FCAD0C3E899E008CF71C /* openFrameworks-Info.plist */,
				E4EB6923138AFD0F00A09F29 /* Project.xcconfig */,
				E4B69E1C0A3A1BDC003C02F2 /* src */,
				191EF70929D778A400F35F26 /* openFrameworks */,
				BB4B014C10F69532006C3DED /* addons */,
				E4B69B5B0A3A1756003C02F2 /* LSystemDebug.app */,
			);
			sourceTree = "<group>";
		};
		E4B69E1C0A3A1BDC003C02F2 /* src */ = {
			isa = PBXGroup;
			children = (
				E4B69E1D0A3A1BDC003C02F2 /* main.cpp */,
				E4B69E1E0A3A1BDC003C02F2 /* ofApp.cpp */,
				E4B69E1F0A3A1BDC003C02F2 /* ofApp.h */,
				"E7ED3032-ED1C-4C88-BBA4-35DB509A91A9" /* LSystem.cpp */,
				"B50632A2-3E24-4217-A78C-4104EF54203B" /* LSystem.hpp */,
				"44B7CE15-58D7-4478-949F-9F19D46D5F32" /* RenderConfig.cpp */,
				"2B054459-7AAC-466F-AE0C-7BF5CD65E612" /* RenderConfig.hpp */,
				"9E927A96-525A-4C54-96F4-6CF5C650A9E2" /* Rule.cpp */,
				"6EAD4E59-743C-4FA8-93A5-DF9FF02B1261" /* Rule.hpp */,
				"2BBC6D33-7704-48C6-B1F3-75F5D56F4318" /* Sentence.cpp */,
				"91EDC3F4-C9A8-4503-8341-14E5DE933205" /* Sentence.hpp */,
				"F50DE69C-6438-4A57-8D4E-1D93BACED28A" /* Turtle.cpp */,
				"12DC89AD-FB29-4178-AE05-405F78B9EC43" /* Turtle.hpp */,
				A1B1DE992B1B985500B21D0F /* SonicTurtle.cpp */,
				A1B1DE9A2B1B985500B21D0F /* SonicTurtle.hpp */,
				A1B1DE9C2B1BA38600B21D0F /* Note.cpp */,
				A1B1DE9D2B1BA38600B21D0F /* Note.hpp */,
			);
			path = src;
			sourceTree = SOURCE_ROOT;
		};
/* End PBXGroup section */

/* Begin PBXNativeTarget section */
		E4B69B5A0A3A1756003C02F2 /* LSystem */ = {
			isa = PBXNativeTarget;
			buildConfigurationList = E4B69B5F0A3A1757003C02F2 /* Build configuration list for PBXNativeTarget "LSystem" */;
			buildPhases = (
				E42962A92163ECCD00A6A9E2 /* Run Script — Compile OF */,
				E4B69B580A3A1756003C02F2 /* Sources */,
				E4B69B590A3A1756003C02F2 /* Frameworks */,
				E4C2427710CC5ABF004149E2 /* CopyFiles */,
				E4A5B60F29BAAAE400C2D356 /* CopyFiles */,
				19B789C429E5AB4A0082E9B8 /* ShellScript */,
			);
			buildRules = (
			);
			dependencies = (
			);
			name = LSystem;
			productName = myOFApp;
			productReference = E4B69B5B0A3A1756003C02F2 /* LSystemDebug.app */;
			productType = "com.apple.product-type.application";
		};
/* End PBXNativeTarget section */

/* Begin PBXProject section */
		E4B69B4C0A3A1720003C02F2 /* Project object */ = {
			isa = PBXProject;
			attributes = {
				LastUpgradeCheck = 0600;
			};
			buildConfigurationList = E4B69B4D0A3A1720003C02F2 /* Build configuration list for PBXProject "LSystem" */;
			compatibilityVersion = "Xcode 3.2";
			developmentRegion = en;
			hasScannedForEncodings = 0;
			knownRegions = (
				en,
				Base,
			);
			mainGroup = E4B69B4A0A3A1720003C02F2;
			productRefGroup = E4B69B4A0A3A1720003C02F2;
			projectDirPath = "";
			projectRoot = "";
			targets = (
				E4B69B5A0A3A1756003C02F2 /* LSystem */,
			);
		};
/* End PBXProject section */

/* Begin PBXShellScriptBuildPhase section */
		19B789C429E5AB4A0082E9B8 /* ShellScript */ = {
			isa = PBXShellScriptBuildPhase;
			buildActionMask = 2147483647;
			files = (
			);
			inputFileListPaths = (
			);
			inputPaths = (
			);
			outputFileListPaths = (
			);
			outputPaths = (
			);
			runOnlyForDeploymentPostprocessing = 0;
			shellPath = /bin/sh;
			shellScript = "\"$OF_PATH/scripts/osx/xcode_project.sh\"\n";
			showEnvVarsInLog = 0;
		};
		E42962A92163ECCD00A6A9E2 /* Run Script — Compile OF */ = {
			isa = PBXShellScriptBuildPhase;
			alwaysOutOfDate = 1;
			buildActionMask = 2147483647;
			files = (
			);
			inputPaths = (
			);
			name = "Run Script — Compile OF";
			outputPaths = (
			);
			runOnlyForDeploymentPostprocessing = 0;
			shellPath = /bin/sh;
			shellScript = "echo \"💾 Compiling Openframeworks\"\nxcodebuild -project \"$OF_PATH/libs/openFrameworksCompiled/project/osx/openFrameworksLib.xcodeproj\" -target openFrameworks -configuration \"${CONFIGURATION}\"  CLANG_CXX_LANGUAGE_STANDARD=$CLANG_CXX_LANGUAGE_STANDARD MACOSX_DEPLOYMENT_TARGET=$MACOSX_DEPLOYMENT_TARGET GCC_PREPROCESSOR_DEFINITIONS=$USER_PREPROCESSOR_DEFINITIONS\n";
			showEnvVarsInLog = 0;
		};
/* End PBXShellScriptBuildPhase section */

/* Begin PBXSourcesBuildPhase section */
		E4B69B580A3A1756003C02F2 /* Sources */ = {
			isa = PBXSourcesBuildPhase;
			buildActionMask = 2147483647;
			files = (
				E4B69E200A3A1BDC003C02F2 /* main.cpp in Sources */,
				E4B69E210A3A1BDC003C02F2 /* ofApp.cpp in Sources */,
				"F9D2EBCC-904B-499F-A337-40B54E023AB3" /* LSystem.cpp in Sources */,
				"89353087-6EFC-4793-841F-9E7E03398255" /* RenderConfig.cpp in Sources */,
				A1B1DE9B2B1B985500B21D0F /* SonicTurtle.cpp in Sources */,
				"7A3392CA-AA28-4B39-9565-DCA246D84413" /* Rule.cpp in Sources */,
				"06F5E097-D37F-407A-8305-14F1168C7A35" /* Sentence.cpp in Sources */,
				"9015207D-D733-478A-88FE-F9EC9B25B4B9" /* Turtle.cpp in Sources */,
				"E68DFE1A-F40F-4C1B-B6B7-87B6747CE3BB" /* ofxDropdown.cpp in Sources */,
				"D88BF0EE-69A6-4290-ADB6-B76F92C07F60" /* ofxDropdownOption.cpp in Sources */,
				"7C890CD0-29D8-4295-A281-19EDEF7EF731" /* ofxBaseGui.cpp in Sources */,
				"72984D43-8302-49B1-B11D-83E8A4F67325" /* ofxButton.cpp in Sources */,
				"997DDB61-128C-48E3-AC35-C74EBC7A1639" /* ofxColorPicker.cpp in Sources */,
				"970FE5C9-E3FC-46F3-B8D2-2306D9A86446" /* ofxGuiGroup.cpp in Sources */,
				"96F9592D-1369-4078-BEA2-66DB153861DC" /* ofxInputField.cpp in Sources */,
				"ABDBB01C-2BDA-4E74-A6A9-0DA5CEAA237F" /* ofxLabel.cpp in Sources */,
				"69CDDB1E-ED39-40B2-A832-4696D0A8C685" /* ofxPanel.cpp in Sources */,
				"7DAE8985-FBC4-415C-BAC9-A00E147E3FFD" /* ofxSlider.cpp in Sources */,
				"7ECE1292-3009-4233-BC88-756E2C5AD586" /* ofxSliderGroup.cpp in Sources */,
				A1B1DE9E2B1BA38600B21D0F /* Note.cpp in Sources */,
				"B43E279F-954C-4072-A745-83E75BF54B1E" /* ofxToggle.cpp in Sources */,
				"B8446402-A32C-4A64-971E-C72AFAA87751" /* tinyxml.cpp in Sources */,
				"961F8985-5383-4D53-9ABD-BF9139289594" /* tinyxmlerror.cpp in Sources */,
				"FCA2BEA8-5C2C-4AB5-AC48-4CBBA6A8CD77" /* tinyxmlparser.cpp in Sources */,
				"5F1D3D1F-0213-45CB-9E84-1C401A7F1165" /* ofxXmlSettings.cpp in Sources */,
			);
			runOnlyForDeploymentPostprocessing = 0;
		};
/* End PBXSourcesBuildPhase section */

/* Begin XCBuildConfiguration section */
		E4B69B4E0A3A1720003C02F2 /* Debug */ = {
			isa = XCBuildConfiguration;
			baseConfigurationReference = E4EB6923138AFD0F00A09F29 /* Project.xcconfig */;
			buildSettings = {
				CODE_SIGN_ENTITLEMENTS = of.entitlements;
				COPY_PHASE_STRIP = NO;
				ENABLE_TESTABILITY = YES;
				GCC_OPTIMIZATION_LEVEL = 0;
				GCC_WARN_UNUSED_VARIABLE = NO;
				HEADER_SEARCH_PATHS = (
					"$(OF_CORE_HEADERS)",
					src,
				);
				OTHER_CPLUSPLUSFLAGS = "-D__MACOSX_CORE__";
			};
			name = Debug;
		};
		E4B69B4F0A3A1720003C02F2 /* Release */ = {
			isa = XCBuildConfiguration;
			baseConfigurationReference = E4EB6923138AFD0F00A09F29 /* Project.xcconfig */;
			buildSettings = {
				CODE_SIGN_ENTITLEMENTS = of.entitlements;
				COPY_PHASE_STRIP = YES;
				GCC_OPTIMIZATION_LEVEL = 3;
				GCC_UNROLL_LOOPS = YES;
				HEADER_SEARCH_PATHS = (
					"$(OF_CORE_HEADERS)",
					src,
				);
				OTHER_CPLUSPLUSFLAGS = "-D__MACOSX_CORE__";
			};
			name = Release;
		};
		E4B69B600A3A1757003C02F2 /* Debug */ = {
			isa = XCBuildConfiguration;
			baseConfigurationReference = E4EB6923138AFD0F00A09F29 /* Project.xcconfig */;
			buildSettings = {
				ARCHS = "$(ARCHS_STANDARD)";
				COPY_PHASE_STRIP = NO;
				FRAMEWORK_SEARCH_PATHS = "$(inherited)";
				GCC_DYNAMIC_NO_PIC = NO;
				GCC_PREPROCESSOR_DEFINITIONS = USE_OFX_DROPDOWN;
				HEADER_SEARCH_PATHS = (
					"$(OF_CORE_HEADERS)",
					src,
					src,
					../../../addons/ofxDropdown/src,
					../../../addons/ofxGui/src,
					../../../addons/ofxXmlSettings/libs,
					../../../addons/ofxXmlSettings/src,
				);
				LIBRARY_SEARCH_PATHS = "$(inherited)";
				OTHER_LDFLAGS = (
					"$(OF_CORE_LIBS)",
					"$(OF_CORE_FRAMEWORKS)",
					"$(LIB_OF_DEBUG)",
				);
			};
			name = Debug;
		};
		E4B69B610A3A1757003C02F2 /* Release */ = {
			isa = XCBuildConfiguration;
			baseConfigurationReference = E4EB6923138AFD0F00A09F29 /* Project.xcconfig */;
			buildSettings = {
				ARCHS = "$(ARCHS_STANDARD)";
				COPY_PHASE_STRIP = YES;
				FRAMEWORK_SEARCH_PATHS = "$(inherited)";
				GCC_PREPROCESSOR_DEFINITIONS = USE_OFX_DROPDOWN;
				HEADER_SEARCH_PATHS = (
					"$(OF_CORE_HEADERS)",
					src,
					src,
					../../../addons/ofxDropdown/src,
					../../../addons/ofxGui/src,
					../../../addons/ofxXmlSettings/libs,
					../../../addons/ofxXmlSettings/src,
				);
				LIBRARY_SEARCH_PATHS = "$(inherited)";
				OTHER_LDFLAGS = (
					"$(OF_CORE_LIBS)",
					"$(OF_CORE_FRAMEWORKS)",
					"$(LIB_OF)",
				);
				baseConfigurationReference = E4EB6923138AFD0F00A09F29;
			};
			name = Release;
		};
/* End XCBuildConfiguration section */

/* Begin XCConfigurationList section */
		E4B69B4D0A3A1720003C02F2 /* Build configuration list for PBXProject "LSystem" */ = {
			isa = XCConfigurationList;
			buildConfigurations = (
				E4B69B4E0A3A1720003C02F2 /* Debug */,
				E4B69B4F0A3A1720003C02F2 /* Release */,
			);
			defaultConfigurationIsVisible = 0;
			defaultConfigurationName = Release;
		};
		E4B69B5F0A3A1757003C02F2 /* Build configuration list for PBXNativeTarget "LSystem" */ = {
			isa = XCConfigurationList;
			buildConfigurations = (
				E4B69B600A3A1757003C02F2 /* Debug */,
				E4B69B610A3A1757003C02F2 /* Release */,
			);
			defaultConfigurationIsVisible = 0;
			defaultConfigurationName = Release;
		};
/* End XCConfigurationList section */
	};
	rootObject = E4B69B4C0A3A1720003C02F2 /* Project object */;
}
